
Microsoft Visual Studio Solution File, Format Version 12.00
# Visual Studio Version 17
VisualStudioVersion = 17.11.35327.3
MinimumVisualStudioVersion = 10.0.40219.1
Project("{2150E333-8FDC-42A3-9474-1A3956D46DE8}") = "솔루션 항목", "솔루션 항목", "{218ACC26-1832-4821-89A6-34626C15C3CE}"
EndProject
Project("{8BC9CEB8-8B4A-11D0-8D11-00A0C91BC942}") = "1.이진탐색트리(재귀호출)", "1.이진탐색트리(재귀호출)\1.이진탐색트리(재귀호출).vcxproj", "{1B4BB6D6-C527-4FB4-A3DE-067CE5F2DDC1}"
EndProject
Project("{8BC9CEB8-8B4A-11D0-8D11-00A0C91BC942}") = "2.이진탐색트리(반복문)", "2.이진탐색트리(반복문)\2.이진탐색트리(반복문).vcxproj", "{83DA579E-5A6C-4A11-8CD6-D684B49622C0}"
EndProject
Project("{8BC9CEB8-8B4A-11D0-8D11-00A0C91BC942}") = "3.힙", "3.힙\3.힙.vcxproj", "{918C8202-3EBD-42C4-9ADD-CC83E2E988B8}"
EndProject
Project("{8BC9CEB8-8B4A-11D0-8D11-00A0C91BC942}") = "4.스플레이트리", "4.스플레이트리\4.스플레이트리.vcxproj", "{8B6F47A9-BD3E-432D-A816-8059FAAB47FA}"
EndProject
Project("{8BC9CEB8-8B4A-11D0-8D11-00A0C91BC942}") = "5.AVL트리", "5.AVL트리\5.AVL트리.vcxproj", "{4C87787A-7D79-415E-AAFF-6C4ECE0869A3}"
EndProject
Project("{8BC9CEB8-8B4A-11D0-8D11-00A0C91BC942}") = "6.레드블랙트리", "6.레드블랙트리\6.레드블랙트리.vcxproj", "{A2F1FBA0-7A0F-4243-B682-1F395EB2E57C}"
EndProject
Global
	GlobalSection(SolutionConfigurationPlatforms) = preSolution
		Debug|x64 = Debug|x64
		Debug|x86 = Debug|x86
		Release|x64 = Release|x64
		Release|x86 = Release|x86
	EndGlobalSection
	GlobalSection(ProjectConfigurationPlatforms) = postSolution
		{1B4BB6D6-C527-4FB4-A3DE-067CE5F2DDC1}.Debug|x64.ActiveCfg = Debug|x64
		{1B4BB6D6-C527-4FB4-A3DE-067CE5F2DDC1}.Debug|x64.Build.0 = Debug|x64
		{1B4BB6D6-C527-4FB4-A3DE-067CE5F2DDC1}.Debug|x86.ActiveCfg = Debug|Win32
		{1B4BB6D6-C527-4FB4-A3DE-067CE5F2DDC1}.Debug|x86.Build.0 = Debug|Win32
		{1B4BB6D6-C527-4FB4-A3DE-067CE5F2DDC1}.Release|x64.ActiveCfg = Release|x64
		{1B4BB6D6-C527-4FB4-A3DE-067CE5F2DDC1}.Release|x64.Build.0 = Release|x64
		{1B4BB6D6-C527-4FB4-A3DE-067CE5F2DDC1}.Release|x86.ActiveCfg = Release|Win32
		{1B4BB6D6-C527-4FB4-A3DE-067CE5F2DDC1}.Release|x86.Build.0 = Release|Win32
		{83DA579E-5A6C-4A11-8CD6-D684B49622C0}.Debug|x64.ActiveCfg = Debug|x64
		{83DA579E-5A6C-4A11-8CD6-D684B49622C0}.Debug|x64.Build.0 = Debug|x64
		{83DA579E-5A6C-4A11-8CD6-D684B49622C0}.Debug|x86.ActiveCfg = Debug|Win32
		{83DA579E-5A6C-4A11-8CD6-D684B49622C0}.Debug|x86.Build.0 = Debug|Win32
		{83DA579E-5A6C-4A11-8CD6-D684B49622C0}.Release|x64.ActiveCfg = Release|x64
		{83DA579E-5A6C-4A11-8CD6-D684B49622C0}.Release|x64.Build.0 = Release|x64
		{83DA579E-5A6C-4A11-8CD6-D684B49622C0}.Release|x86.ActiveCfg = Release|Win32
		{83DA579E-5A6C-4A11-8CD6-D684B49622C0}.Release|x86.Build.0 = Release|Win32
		{918C8202-3EBD-42C4-9ADD-CC83E2E988B8}.Debug|x64.ActiveCfg = Debug|x64
		{918C8202-3EBD-42C4-9ADD-CC83E2E988B8}.Debug|x64.Build.0 = Debug|x64
		{918C8202-3EBD-42C4-9ADD-CC83E2E988B8}.Debug|x86.ActiveCfg = Debug|Win32
		{918C8202-3EBD-42C4-9ADD-CC83E2E988B8}.Debug|x86.Build.0 = Debug|Win32
		{918C8202-3EBD-42C4-9ADD-CC83E2E988B8}.Release|x64.ActiveCfg = Release|x64
		{918C8202-3EBD-42C4-9ADD-CC83E2E988B8}.Release|x64.Build.0 = Release|x64
		{918C8202-3EBD-42C4-9ADD-CC83E2E988B8}.Release|x86.ActiveCfg = Release|Win32
		{918C8202-3EBD-42C4-9ADD-CC83E2E988B8}.Release|x86.Build.0 = Release|Win32
		{8B6F47A9-BD3E-432D-A816-8059FAAB47FA}.Debug|x64.ActiveCfg = Debug|x64
		{8B6F47A9-BD3E-432D-A816-8059FAAB47FA}.Debug|x64.Build.0 = Debug|x64
		{8B6F47A9-BD3E-432D-A816-8059FAAB47FA}.Debug|x86.ActiveCfg = Debug|Win32
		{8B6F47A9-BD3E-432D-A816-8059FAAB47FA}.Debug|x86.Build.0 = Debug|Win32
		{8B6F47A9-BD3E-432D-A816-8059FAAB47FA}.Release|x64.ActiveCfg = Release|x64
		{8B6F47A9-BD3E-432D-A816-8059FAAB47FA}.Release|x64.Build.0 = Release|x64
		{8B6F47A9-BD3E-432D-A816-8059FAAB47FA}.Release|x86.ActiveCfg = Release|Win32
		{8B6F47A9-BD3E-432D-A816-8059FAAB47FA}.Release|x86.Build.0 = Release|Win32
		{4C87787A-7D79-415E-AAFF-6C4ECE0869A3}.Debug|x64.ActiveCfg = Debug|x64
		{4C87787A-7D79-415E-AAFF-6C4ECE0869A3}.Debug|x64.Build.0 = Debug|x64
		{4C87787A-7D79-415E-AAFF-6C4ECE0869A3}.Debug|x86.ActiveCfg = Debug|Win32
		{4C87787A-7D79-415E-AAFF-6C4ECE0869A3}.Debug|x86.Build.0 = Debug|Win32
		{4C87787A-7D79-415E-AAFF-6C4ECE0869A3}.Release|x64.ActiveCfg = Release|x64
		{4C87787A-7D79-415E-AAFF-6C4ECE0869A3}.Release|x64.Build.0 = Release|x64
		{4C87787A-7D79-415E-AAFF-6C4ECE0869A3}.Release|x86.ActiveCfg = Release|Win32
		{4C87787A-7D79-415E-AAFF-6C4ECE0869A3}.Release|x86.Build.0 = Release|Win32
		{A2F1FBA0-7A0F-4243-B682-1F395EB2E57C}.Debug|x64.ActiveCfg = Debug|x64
		{A2F1FBA0-7A0F-4243-B682-1F395EB2E57C}.Debug|x64.Build.0 = Debug|x64
		{A2F1FBA0-7A0F-4243-B682-1F395EB2E57C}.Debug|x86.ActiveCfg = Debug|Win32
		{A2F1FBA0-7A0F-4243-B682-1F395EB2E57C}.Debug|x86.Build.0 = Debug|Win32
		{A2F1FBA0-7A0F-4243-B682-1F395EB2E57C}.Release|x64.ActiveCfg = Release|x64
		{A2F1FBA0-7A0F-4243-B682-1F395EB2E57C}.Release|x64.Build.0 = Release|x64
		{A2F1FBA0-7A0F-4243-B682-1F395EB2E57C}.Release|x86.ActiveCfg = Release|Win32
		{A2F1FBA0-7A0F-4243-B682-1F395EB2E57C}.Release|x86.Build.0 = Release|Win32
	EndGlobalSection
	GlobalSection(SolutionProperties) = preSolution
		HideSolutionNode = FALSE
	EndGlobalSection
	GlobalSection(ExtensibilityGlobals) = postSolution
		SolutionGuid = {8900F1B4-C2BE-4175-B5B8-77E95ECB95CD}
	EndGlobalSection
EndGlobal
